
Microsoft Visual Studio Solution File, Format Version 12.00
# Visual Studio Version 17
VisualStudioVersion = 17.6.33829.357
MinimumVisualStudioVersion = 10.0.40219.1
Project("{FAE04EC0-301F-11D3-BF4B-00C04F79EFBC}") = "Blazor.Components", "Blazor.Components\Blazor.Components.csproj", "{7ED20C24-10EB-4882-A92D-B696DA2B2B72}"
EndProject
Project("{FAE04EC0-301F-11D3-BF4B-00C04F79EFBC}") = "Blazor.WPF", "Blazor.WPF\Blazor.WPF.csproj", "{96B4CCE3-3618-4613-A190-30F0FE1D535B}"
EndProject
Global
	GlobalSection(SolutionConfigurationPlatforms) = preSolution
		Debug|Any CPU = Debug|Any CPU
		Release|Any CPU = Release|Any CPU
	EndGlobalSection
	GlobalSection(ProjectConfigurationPlatforms) = postSolution
		{7ED20C24-10EB-4882-A92D-B696DA2B2B72}.Debug|Any CPU.ActiveCfg = Debug|Any CPU
		{7ED20C24-10EB-4882-A92D-B696DA2B2B72}.Debug|Any CPU.Build.0 = Debug|Any CPU
		{7ED20C24-10EB-4882-A92D-B696DA2B2B72}.Release|Any CPU.ActiveCfg = Release|Any CPU
		{7ED20C24-10EB-4882-A92D-B696DA2B2B72}.Release|Any CPU.Build.0 = Release|Any CPU
		{96B4CCE3-3618-4613-A190-30F0FE1D535B}.Debug|Any CPU.ActiveCfg = Debug|Any CPU
		{96B4CCE3-3618-4613-A190-30F0FE1D535B}.Debug|Any CPU.Build.0 = Debug|Any CPU
		{96B4CCE3-3618-4613-A190-30F0FE1D535B}.Release|Any CPU.ActiveCfg = Release|Any CPU
		{96B4CCE3-3618-4613-A190-30F0FE1D535B}.Release|Any CPU.Build.0 = Release|Any CPU
	EndGlobalSection
	GlobalSection(SolutionProperties) = preSolution
		HideSolutionNode = FALSE
	EndGlobalSection
	GlobalSection(ExtensibilityGlobals) = postSolution
		SolutionGuid = {FD41DB59-A58C-4495-B276-432378041E6B}
	EndGlobalSection
EndGlobal
